
Microsoft Visual Studio Solution File, Format Version 12.00
# Visual Studio Version 17
VisualStudioVersion = 17.10.35122.118
MinimumVisualStudioVersion = 10.0.40219.1
Project("{2150E333-8FDC-42A3-9474-1A3956D46DE8}") = "Singleton", "Singleton", "{E145340C-EC91-47F7-B2C7-E3EF7D2E0610}"
EndProject
Project("{9A19103F-16F7-4668-BE54-9A1E7A4F7556}") = "DesignPattern.Singleton", "DesignPattern.Singleton\DesignPattern.Singleton.csproj", "{ADAEE667-AA01-42C0-9294-E540289E803E}"
EndProject
Project("{9A19103F-16F7-4668-BE54-9A1E7A4F7556}") = "DesignPattern.Singleton.Tools", "DesignPattern.Singleton.Tools\DesignPattern.Singleton.Tools.csproj", "{F3CE2639-852F-4562-B843-0DE5BA842F82}"
EndProject
Project("{2150E333-8FDC-42A3-9474-1A3956D46DE8}") = "FactoryMethod", "FactoryMethod", "{6EEEB190-853E-48C1-8763-6EEB746E7576}"
EndProject
Project("{9A19103F-16F7-4668-BE54-9A1E7A4F7556}") = "DesignPattern.FactoryMethod", "DesignPattern.FactoryMethod\DesignPattern.FactoryMethod.csproj", "{8538FD6A-CEED-4AC3-957A-BCD7A8C25A06}"
EndProject
Project("{9A19103F-16F7-4668-BE54-9A1E7A4F7556}") = "DesignPattern.FactoryMethod.Tools", "DesignPattern.FactoryMethod.Tools\DesignPattern.FactoryMethod.Tools.csproj", "{77A926E6-ABE0-4C94-B3A8-5D810A267017}"
EndProject
Project("{2150E333-8FDC-42A3-9474-1A3956D46DE8}") = "DependencyInjection", "DependencyInjection", "{31F3330D-4572-40B1-9B52-086544123899}"
EndProject
Project("{9A19103F-16F7-4668-BE54-9A1E7A4F7556}") = "DesignPattern.DependencyInjection", "DesignPattern.DependencyInjection\DesignPattern.DependencyInjection.csproj", "{FCEFE1CC-E4BC-472E-A997-A812A5D02B3E}"
EndProject
Project("{9A19103F-16F7-4668-BE54-9A1E7A4F7556}") = "DesignPattern.DependencyInjection.Tools", "DesignPattern.DependencyInjection.Tools\DesignPattern.DependencyInjection.Tools.csproj", "{D4AEFB89-5249-41D4-B331-D3616BB0B00B}"
EndProject
Project("{2150E333-8FDC-42A3-9474-1A3956D46DE8}") = "Repository", "Repository", "{0D323B0F-D3A3-449D-823D-5B40B32F9DC0}"
EndProject
Project("{9A19103F-16F7-4668-BE54-9A1E7A4F7556}") = "DesignPattern.Repository", "DesignPattern.Repository\DesignPattern.Repository.csproj", "{A26EE061-13D0-478D-B17E-D3768F6EC55E}"
EndProject
Project("{FAE04EC0-301F-11D3-BF4B-00C04F79EFBC}") = "DesignPattern.Repository.Models", "DesignPattern.Repository.Models\DesignPattern.Repository.Models.csproj", "{D87E4E7A-D90F-4346-96AD-4FF8306B9289}"
EndProject
Project("{FAE04EC0-301F-11D3-BF4B-00C04F79EFBC}") = "DesignPattern.Repository.Repository", "DesignPattern.Repository.Repository\DesignPattern.Repository.Repository.csproj", "{EF8EEF2B-EA87-4D30-9C6E-18F349451638}"
EndProject
Global
	GlobalSection(SolutionConfigurationPlatforms) = preSolution
		Debug|Any CPU = Debug|Any CPU
		Release|Any CPU = Release|Any CPU
	EndGlobalSection
	GlobalSection(ProjectConfigurationPlatforms) = postSolution
		{ADAEE667-AA01-42C0-9294-E540289E803E}.Debug|Any CPU.ActiveCfg = Debug|Any CPU
		{ADAEE667-AA01-42C0-9294-E540289E803E}.Debug|Any CPU.Build.0 = Debug|Any CPU
		{ADAEE667-AA01-42C0-9294-E540289E803E}.Release|Any CPU.ActiveCfg = Release|Any CPU
		{ADAEE667-AA01-42C0-9294-E540289E803E}.Release|Any CPU.Build.0 = Release|Any CPU
		{F3CE2639-852F-4562-B843-0DE5BA842F82}.Debug|Any CPU.ActiveCfg = Debug|Any CPU
		{F3CE2639-852F-4562-B843-0DE5BA842F82}.Debug|Any CPU.Build.0 = Debug|Any CPU
		{F3CE2639-852F-4562-B843-0DE5BA842F82}.Release|Any CPU.ActiveCfg = Release|Any CPU
		{F3CE2639-852F-4562-B843-0DE5BA842F82}.Release|Any CPU.Build.0 = Release|Any CPU
		{8538FD6A-CEED-4AC3-957A-BCD7A8C25A06}.Debug|Any CPU.ActiveCfg = Debug|Any CPU
		{8538FD6A-CEED-4AC3-957A-BCD7A8C25A06}.Debug|Any CPU.Build.0 = Debug|Any CPU
		{8538FD6A-CEED-4AC3-957A-BCD7A8C25A06}.Release|Any CPU.ActiveCfg = Release|Any CPU
		{8538FD6A-CEED-4AC3-957A-BCD7A8C25A06}.Release|Any CPU.Build.0 = Release|Any CPU
		{77A926E6-ABE0-4C94-B3A8-5D810A267017}.Debug|Any CPU.ActiveCfg = Debug|Any CPU
		{77A926E6-ABE0-4C94-B3A8-5D810A267017}.Debug|Any CPU.Build.0 = Debug|Any CPU
		{77A926E6-ABE0-4C94-B3A8-5D810A267017}.Release|Any CPU.ActiveCfg = Release|Any CPU
		{77A926E6-ABE0-4C94-B3A8-5D810A267017}.Release|Any CPU.Build.0 = Release|Any CPU
		{FCEFE1CC-E4BC-472E-A997-A812A5D02B3E}.Debug|Any CPU.ActiveCfg = Debug|Any CPU
		{FCEFE1CC-E4BC-472E-A997-A812A5D02B3E}.Debug|Any CPU.Build.0 = Debug|Any CPU
		{FCEFE1CC-E4BC-472E-A997-A812A5D02B3E}.Release|Any CPU.ActiveCfg = Release|Any CPU
		{FCEFE1CC-E4BC-472E-A997-A812A5D02B3E}.Release|Any CPU.Build.0 = Release|Any CPU
		{D4AEFB89-5249-41D4-B331-D3616BB0B00B}.Debug|Any CPU.ActiveCfg = Debug|Any CPU
		{D4AEFB89-5249-41D4-B331-D3616BB0B00B}.Debug|Any CPU.Build.0 = Debug|Any CPU
		{D4AEFB89-5249-41D4-B331-D3616BB0B00B}.Release|Any CPU.ActiveCfg = Release|Any CPU
		{D4AEFB89-5249-41D4-B331-D3616BB0B00B}.Release|Any CPU.Build.0 = Release|Any CPU
		{A26EE061-13D0-478D-B17E-D3768F6EC55E}.Debug|Any CPU.ActiveCfg = Debug|Any CPU
		{A26EE061-13D0-478D-B17E-D3768F6EC55E}.Debug|Any CPU.Build.0 = Debug|Any CPU
		{A26EE061-13D0-478D-B17E-D3768F6EC55E}.Release|Any CPU.ActiveCfg = Release|Any CPU
		{A26EE061-13D0-478D-B17E-D3768F6EC55E}.Release|Any CPU.Build.0 = Release|Any CPU
		{D87E4E7A-D90F-4346-96AD-4FF8306B9289}.Debug|Any CPU.ActiveCfg = Debug|Any CPU
		{D87E4E7A-D90F-4346-96AD-4FF8306B9289}.Debug|Any CPU.Build.0 = Debug|Any CPU
		{D87E4E7A-D90F-4346-96AD-4FF8306B9289}.Release|Any CPU.ActiveCfg = Release|Any CPU
		{D87E4E7A-D90F-4346-96AD-4FF8306B9289}.Release|Any CPU.Build.0 = Release|Any CPU
		{EF8EEF2B-EA87-4D30-9C6E-18F349451638}.Debug|Any CPU.ActiveCfg = Debug|Any CPU
		{EF8EEF2B-EA87-4D30-9C6E-18F349451638}.Debug|Any CPU.Build.0 = Debug|Any CPU
		{EF8EEF2B-EA87-4D30-9C6E-18F349451638}.Release|Any CPU.ActiveCfg = Release|Any CPU
		{EF8EEF2B-EA87-4D30-9C6E-18F349451638}.Release|Any CPU.Build.0 = Release|Any CPU
	EndGlobalSection
	GlobalSection(SolutionProperties) = preSolution
		HideSolutionNode = FALSE
	EndGlobalSection
	GlobalSection(NestedProjects) = preSolution
		{ADAEE667-AA01-42C0-9294-E540289E803E} = {E145340C-EC91-47F7-B2C7-E3EF7D2E0610}
		{F3CE2639-852F-4562-B843-0DE5BA842F82} = {E145340C-EC91-47F7-B2C7-E3EF7D2E0610}
		{8538FD6A-CEED-4AC3-957A-BCD7A8C25A06} = {6EEEB190-853E-48C1-8763-6EEB746E7576}
		{77A926E6-ABE0-4C94-B3A8-5D810A267017} = {6EEEB190-853E-48C1-8763-6EEB746E7576}
		{FCEFE1CC-E4BC-472E-A997-A812A5D02B3E} = {31F3330D-4572-40B1-9B52-086544123899}
		{D4AEFB89-5249-41D4-B331-D3616BB0B00B} = {31F3330D-4572-40B1-9B52-086544123899}
		{A26EE061-13D0-478D-B17E-D3768F6EC55E} = {0D323B0F-D3A3-449D-823D-5B40B32F9DC0}
		{D87E4E7A-D90F-4346-96AD-4FF8306B9289} = {0D323B0F-D3A3-449D-823D-5B40B32F9DC0}
		{EF8EEF2B-EA87-4D30-9C6E-18F349451638} = {0D323B0F-D3A3-449D-823D-5B40B32F9DC0}
	EndGlobalSection
	GlobalSection(ExtensibilityGlobals) = postSolution
		SolutionGuid = {BF562170-16D0-4F4D-B86F-190FA6A12DAA}
	EndGlobalSection
EndGlobal
